// !$*UTF8*$!
{
	archiveVersion = 1;
	classes = {
	};
	objectVersion = 56;
	objects = {

/* Begin PBXBuildFile section */
		52121D2A2A591B5F00300A60 /* AppDelegate.swift in Sources */ = {isa = PBXBuildFile; fileRef = 52121D292A591B5F00300A60 /* AppDelegate.swift */; };
		52121D2C2A591B5F00300A60 /* SceneDelegate.swift in Sources */ = {isa = PBXBuildFile; fileRef = 52121D2B2A591B5F00300A60 /* SceneDelegate.swift */; };
		52121D2E2A591B5F00300A60 /* ViewController.swift in Sources */ = {isa = PBXBuildFile; fileRef = 52121D2D2A591B5F00300A60 /* ViewController.swift */; };
		52121D332A591B5F00300A60 /* Assets.xcassets in Resources */ = {isa = PBXBuildFile; fileRef = 52121D322A591B5F00300A60 /* Assets.xcassets */; };
		52121D362A591B5F00300A60 /* LaunchScreen.storyboard in Resources */ = {isa = PBXBuildFile; fileRef = 52121D342A591B5F00300A60 /* LaunchScreen.storyboard */; };
		524CC98B2A5EDA8400F97E73 /* FriendsController.swift in Sources */ = {isa = PBXBuildFile; fileRef = 524CC98A2A5EDA8400F97E73 /* FriendsController.swift */; };
		524CC98D2A5EDABE00F97E73 /* FriendCell.swift in Sources */ = {isa = PBXBuildFile; fileRef = 524CC98C2A5EDABE00F97E73 /* FriendCell.swift */; };
		524CC98F2A5EF66C00F97E73 /* PhotoController.swift in Sources */ = {isa = PBXBuildFile; fileRef = 524CC98E2A5EF66C00F97E73 /* PhotoController.swift */; };
		524CC9952A5F242900F97E73 /* GroupsController.swift in Sources */ = {isa = PBXBuildFile; fileRef = 524CC9942A5F242900F97E73 /* GroupsController.swift */; };
		524CC9972A5F2C0300F97E73 /* GroupCell.swift in Sources */ = {isa = PBXBuildFile; fileRef = 524CC9962A5F2C0300F97E73 /* GroupCell.swift */; };
		524CC9992A60712500F97E73 /* PhotoCell.swift in Sources */ = {isa = PBXBuildFile; fileRef = 524CC9982A60712500F97E73 /* PhotoCell.swift */; };
		524CC9A72A68478400F97E73 /* NetworkService.swift in Sources */ = {isa = PBXBuildFile; fileRef = 524CC9A62A68478400F97E73 /* NetworkService.swift */; };
		524CC9A92A6863D400F97E73 /* FriendsModel.swift in Sources */ = {isa = PBXBuildFile; fileRef = 524CC9A82A6863D400F97E73 /* FriendsModel.swift */; };
		524CC9AB2A687C9600F97E73 /* GroupsModel.swift in Sources */ = {isa = PBXBuildFile; fileRef = 524CC9AA2A687C9600F97E73 /* GroupsModel.swift */; };
		524CC9AD2A687EF600F97E73 /* PhotosModel.swift in Sources */ = {isa = PBXBuildFile; fileRef = 524CC9AC2A687EF600F97E73 /* PhotosModel.swift */; };
		524CC9D42A7175FC00F97E73 /* ProfileController.swift in Sources */ = {isa = PBXBuildFile; fileRef = 524CC9D32A7175FC00F97E73 /* ProfileController.swift */; };
		524CCA1D2A790B1200F97E73 /* UserModel.swift in Sources */ = {isa = PBXBuildFile; fileRef = 524CCA1C2A790B1200F97E73 /* UserModel.swift */; };
		524CCA412A7970F600F97E73 /* Theme.swift in Sources */ = {isa = PBXBuildFile; fileRef = 524CCA402A7970F600F97E73 /* Theme.swift */; };
		524CCA432A7977DF00F97E73 /* ThemeView.swift in Sources */ = {isa = PBXBuildFile; fileRef = 524CCA422A7977DF00F97E73 /* ThemeView.swift */; };
		524CCA462A79848E00F97E73 /* DataModel.xcdatamodeld in Sources */ = {isa = PBXBuildFile; fileRef = 524CCA442A79848E00F97E73 /* DataModel.xcdatamodeld */; };
		524CCA482A79865400F97E73 /* FileCache.swift in Sources */ = {isa = PBXBuildFile; fileRef = 524CCA472A79865400F97E73 /* FileCache.swift */; };
		524CCA4A2A79ABA400F97E73 /* DateHelper.swift in Sources */ = {isa = PBXBuildFile; fileRef = 524CCA492A79ABA400F97E73 /* DateHelper.swift */; };
		524CCA922A7E78BE00F97E73 /* HW1_1Tests.swift in Sources */ = {isa = PBXBuildFile; fileRef = 524CCA912A7E78BE00F97E73 /* HW1_1Tests.swift */; };
		524CCA992A7E7A8400F97E73 /* FriendsControllerTests.swift in Sources */ = {isa = PBXBuildFile; fileRef = 524CCA982A7E7A8400F97E73 /* FriendsControllerTests.swift */; };
		524CCA9C2A7E992C00F97E73 /* NetworkServiceSpy.swift in Sources */ = {isa = PBXBuildFile; fileRef = 524CCA9A2A7E992600F97E73 /* NetworkServiceSpy.swift */; };
		524CCA9F2A7EDB0700F97E73 /* FileCacheSpy.swift in Sources */ = {isa = PBXBuildFile; fileRef = 524CCA9D2A7EDAFB00F97E73 /* FileCacheSpy.swift */; };
/* End PBXBuildFile section */

/* Begin PBXContainerItemProxy section */
		524CCA932A7E78BE00F97E73 /* PBXContainerItemProxy */ = {
			isa = PBXContainerItemProxy;
			containerPortal = 52121D1E2A591B5F00300A60 /* Project object */;
			proxyType = 1;
			remoteGlobalIDString = 52121D252A591B5F00300A60;
			remoteInfo = HW1_1;
		};
/* End PBXContainerItemProxy section */

/* Begin PBXFileReference section */
		52121D262A591B5F00300A60 /* HW1_1.app */ = {isa = PBXFileReference; explicitFileType = wrapper.application; includeInIndex = 0; path = HW1_1.app; sourceTree = BUILT_PRODUCTS_DIR; };
		52121D292A591B5F00300A60 /* AppDelegate.swift */ = {isa = PBXFileReference; lastKnownFileType = sourcecode.swift; path = AppDelegate.swift; sourceTree = "<group>"; };
		52121D2B2A591B5F00300A60 /* SceneDelegate.swift */ = {isa = PBXFileReference; lastKnownFileType = sourcecode.swift; path = SceneDelegate.swift; sourceTree = "<group>"; };
		52121D2D2A591B5F00300A60 /* ViewController.swift */ = {isa = PBXFileReference; lastKnownFileType = sourcecode.swift; path = ViewController.swift; sourceTree = "<group>"; };
		52121D322A591B5F00300A60 /* Assets.xcassets */ = {isa = PBXFileReference; lastKnownFileType = folder.assetcatalog; path = Assets.xcassets; sourceTree = "<group>"; };
		52121D352A591B5F00300A60 /* Base */ = {isa = PBXFileReference; lastKnownFileType = file.storyboard; name = Base; path = Base.lproj/LaunchScreen.storyboard; sourceTree = "<group>"; };
		52121D372A591B5F00300A60 /* Info.plist */ = {isa = PBXFileReference; lastKnownFileType = text.plist.xml; path = Info.plist; sourceTree = "<group>"; };
		524CC98A2A5EDA8400F97E73 /* FriendsController.swift */ = {isa = PBXFileReference; lastKnownFileType = sourcecode.swift; path = FriendsController.swift; sourceTree = "<group>"; };
		524CC98C2A5EDABE00F97E73 /* FriendCell.swift */ = {isa = PBXFileReference; lastKnownFileType = sourcecode.swift; path = FriendCell.swift; sourceTree = "<group>"; };
		524CC98E2A5EF66C00F97E73 /* PhotoController.swift */ = {isa = PBXFileReference; lastKnownFileType = sourcecode.swift; path = PhotoController.swift; sourceTree = "<group>"; };
		524CC9942A5F242900F97E73 /* GroupsController.swift */ = {isa = PBXFileReference; lastKnownFileType = sourcecode.swift; path = GroupsController.swift; sourceTree = "<group>"; };
		524CC9962A5F2C0300F97E73 /* GroupCell.swift */ = {isa = PBXFileReference; lastKnownFileType = sourcecode.swift; path = GroupCell.swift; sourceTree = "<group>"; };
		524CC9982A60712500F97E73 /* PhotoCell.swift */ = {isa = PBXFileReference; lastKnownFileType = sourcecode.swift; path = PhotoCell.swift; sourceTree = "<group>"; };
		524CC9A62A68478400F97E73 /* NetworkService.swift */ = {isa = PBXFileReference; lastKnownFileType = sourcecode.swift; path = NetworkService.swift; sourceTree = "<group>"; };
		524CC9A82A6863D400F97E73 /* FriendsModel.swift */ = {isa = PBXFileReference; lastKnownFileType = sourcecode.swift; path = FriendsModel.swift; sourceTree = "<group>"; };
		524CC9AA2A687C9600F97E73 /* GroupsModel.swift */ = {isa = PBXFileReference; lastKnownFileType = sourcecode.swift; path = GroupsModel.swift; sourceTree = "<group>"; };
		524CC9AC2A687EF600F97E73 /* PhotosModel.swift */ = {isa = PBXFileReference; lastKnownFileType = sourcecode.swift; path = PhotosModel.swift; sourceTree = "<group>"; };
		524CC9D32A7175FC00F97E73 /* ProfileController.swift */ = {isa = PBXFileReference; lastKnownFileType = sourcecode.swift; path = ProfileController.swift; sourceTree = "<group>"; };
		524CCA1C2A790B1200F97E73 /* UserModel.swift */ = {isa = PBXFileReference; lastKnownFileType = sourcecode.swift; path = UserModel.swift; sourceTree = "<group>"; };
		524CCA402A7970F600F97E73 /* Theme.swift */ = {isa = PBXFileReference; lastKnownFileType = sourcecode.swift; path = Theme.swift; sourceTree = "<group>"; };
		524CCA422A7977DF00F97E73 /* ThemeView.swift */ = {isa = PBXFileReference; lastKnownFileType = sourcecode.swift; path = ThemeView.swift; sourceTree = "<group>"; };
		524CCA452A79848E00F97E73 /* DataModel.xcdatamodel */ = {isa = PBXFileReference; lastKnownFileType = wrapper.xcdatamodel; path = DataModel.xcdatamodel; sourceTree = "<group>"; };
		524CCA472A79865400F97E73 /* FileCache.swift */ = {isa = PBXFileReference; lastKnownFileType = sourcecode.swift; path = FileCache.swift; sourceTree = "<group>"; };
		524CCA492A79ABA400F97E73 /* DateHelper.swift */ = {isa = PBXFileReference; lastKnownFileType = sourcecode.swift; path = DateHelper.swift; sourceTree = "<group>"; };
		524CCA8F2A7E78BE00F97E73 /* HW1_1Tests.xctest */ = {isa = PBXFileReference; explicitFileType = wrapper.cfbundle; includeInIndex = 0; path = HW1_1Tests.xctest; sourceTree = BUILT_PRODUCTS_DIR; };
		524CCA912A7E78BE00F97E73 /* HW1_1Tests.swift */ = {isa = PBXFileReference; lastKnownFileType = sourcecode.swift; path = HW1_1Tests.swift; sourceTree = "<group>"; };
		524CCA982A7E7A8400F97E73 /* FriendsControllerTests.swift */ = {isa = PBXFileReference; lastKnownFileType = sourcecode.swift; path = FriendsControllerTests.swift; sourceTree = "<group>"; };
		524CCA9A2A7E992600F97E73 /* NetworkServiceSpy.swift */ = {isa = PBXFileReference; lastKnownFileType = sourcecode.swift; path = NetworkServiceSpy.swift; sourceTree = "<group>"; };
		524CCA9D2A7EDAFB00F97E73 /* FileCacheSpy.swift */ = {isa = PBXFileReference; lastKnownFileType = sourcecode.swift; path = FileCacheSpy.swift; sourceTree = "<group>"; };
/* End PBXFileReference section */

/* Begin PBXFrameworksBuildPhase section */
		52121D232A591B5F00300A60 /* Frameworks */ = {
			isa = PBXFrameworksBuildPhase;
			buildActionMask = 2147483647;
			files = (
			);
			runOnlyForDeploymentPostprocessing = 0;
		};
		524CCA8C2A7E78BE00F97E73 /* Frameworks */ = {
			isa = PBXFrameworksBuildPhase;
			buildActionMask = 2147483647;
			files = (
			);
			runOnlyForDeploymentPostprocessing = 0;
		};
/* End PBXFrameworksBuildPhase section */

/* Begin PBXGroup section */
		52121D1D2A591B5F00300A60 = {
			isa = PBXGroup;
			children = (
				52121D282A591B5F00300A60 /* HW1_1 */,
				524CCA902A7E78BE00F97E73 /* HW1_1Tests */,
				52121D272A591B5F00300A60 /* Products */,
			);
			sourceTree = "<group>";
		};
		52121D272A591B5F00300A60 /* Products */ = {
			isa = PBXGroup;
			children = (
				52121D262A591B5F00300A60 /* HW1_1.app */,
				524CCA8F2A7E78BE00F97E73 /* HW1_1Tests.xctest */,
			);
			name = Products;
			sourceTree = "<group>";
		};
		52121D282A591B5F00300A60 /* HW1_1 */ = {
			isa = PBXGroup;
			children = (
				52121D292A591B5F00300A60 /* AppDelegate.swift */,
				524CCA402A7970F600F97E73 /* Theme.swift */,
				52121D2B2A591B5F00300A60 /* SceneDelegate.swift */,
				524CCA702A7D42BA00F97E73 /* Services */,
				524CC9B22A6D62FD00F97E73 /* Views */,
				524CC9B12A6D62D700F97E73 /* Controllers */,
				524CC9B02A6D62B900F97E73 /* Models */,
				52121D322A591B5F00300A60 /* Assets.xcassets */,
				52121D342A591B5F00300A60 /* LaunchScreen.storyboard */,
				52121D372A591B5F00300A60 /* Info.plist */,
			);
			path = HW1_1;
			sourceTree = "<group>";
		};
		524CC9B02A6D62B900F97E73 /* Models */ = {
			isa = PBXGroup;
			children = (
				524CC9A82A6863D400F97E73 /* FriendsModel.swift */,
				524CC9AC2A687EF600F97E73 /* PhotosModel.swift */,
				524CC9AA2A687C9600F97E73 /* GroupsModel.swift */,
				524CCA1C2A790B1200F97E73 /* UserModel.swift */,
				524CCA442A79848E00F97E73 /* DataModel.xcdatamodeld */,
			);
			name = Models;
			sourceTree = "<group>";
		};
		524CC9B12A6D62D700F97E73 /* Controllers */ = {
			isa = PBXGroup;
			children = (
				52121D2D2A591B5F00300A60 /* ViewController.swift */,
				524CCA422A7977DF00F97E73 /* ThemeView.swift */,
				524CC98E2A5EF66C00F97E73 /* PhotoController.swift */,
				524CC9D32A7175FC00F97E73 /* ProfileController.swift */,
				524CC98A2A5EDA8400F97E73 /* FriendsController.swift */,
				524CC9942A5F242900F97E73 /* GroupsController.swift */,
			);
			path = Controllers;
			sourceTree = "<group>";
		};
		524CC9B22A6D62FD00F97E73 /* Views */ = {
			isa = PBXGroup;
			children = (
				524CC98C2A5EDABE00F97E73 /* FriendCell.swift */,
				524CC9982A60712500F97E73 /* PhotoCell.swift */,
				524CC9962A5F2C0300F97E73 /* GroupCell.swift */,
			);
			name = Views;
			sourceTree = "<group>";
		};
		524CCA702A7D42BA00F97E73 /* Services */ = {
			isa = PBXGroup;
			children = (
				524CC9A62A68478400F97E73 /* NetworkService.swift */,
				524CCA472A79865400F97E73 /* FileCache.swift */,
				524CCA492A79ABA400F97E73 /* DateHelper.swift */,
			);
			name = Services;
			sourceTree = "<group>";
		};
		524CCA902A7E78BE00F97E73 /* HW1_1Tests */ = {
			isa = PBXGroup;
			children = (
				524CCA912A7E78BE00F97E73 /* HW1_1Tests.swift */,
				524CCA9A2A7E992600F97E73 /* NetworkServiceSpy.swift */,
				524CCA9D2A7EDAFB00F97E73 /* FileCacheSpy.swift */,
				524CCA982A7E7A8400F97E73 /* FriendsControllerTests.swift */,
			);
			path = HW1_1Tests;
			sourceTree = "<group>";
		};
/* End PBXGroup section */

/* Begin PBXNativeTarget section */
		52121D252A591B5F00300A60 /* HW1_1 */ = {
			isa = PBXNativeTarget;
			buildConfigurationList = 52121D3A2A591B5F00300A60 /* Build configuration list for PBXNativeTarget "HW1_1" */;
			buildPhases = (
				52121D222A591B5F00300A60 /* Sources */,
				52121D232A591B5F00300A60 /* Frameworks */,
				52121D242A591B5F00300A60 /* Resources */,
			);
			buildRules = (
			);
			dependencies = (
			);
			name = HW1_1;
			productName = HW1_1;
			productReference = 52121D262A591B5F00300A60 /* HW1_1.app */;
			productType = "com.apple.product-type.application";
		};
		524CCA8E2A7E78BE00F97E73 /* HW1_1Tests */ = {
			isa = PBXNativeTarget;
			buildConfigurationList = 524CCA952A7E78BE00F97E73 /* Build configuration list for PBXNativeTarget "HW1_1Tests" */;
			buildPhases = (
				524CCA8B2A7E78BE00F97E73 /* Sources */,
				524CCA8C2A7E78BE00F97E73 /* Frameworks */,
				524CCA8D2A7E78BE00F97E73 /* Resources */,
			);
			buildRules = (
			);
			dependencies = (
				524CCA942A7E78BE00F97E73 /* PBXTargetDependency */,
			);
			name = HW1_1Tests;
			productName = HW1_1Tests;
			productReference = 524CCA8F2A7E78BE00F97E73 /* HW1_1Tests.xctest */;
			productType = "com.apple.product-type.bundle.unit-test";
		};
/* End PBXNativeTarget section */

/* Begin PBXProject section */
		52121D1E2A591B5F00300A60 /* Project object */ = {
			isa = PBXProject;
			attributes = {
				BuildIndependentTargetsInParallel = 1;
				LastSwiftUpdateCheck = 1430;
				LastUpgradeCheck = 1430;
				TargetAttributes = {
					52121D252A591B5F00300A60 = {
						CreatedOnToolsVersion = 14.3.1;
					};
					524CCA8E2A7E78BE00F97E73 = {
						CreatedOnToolsVersion = 14.3.1;
						TestTargetID = 52121D252A591B5F00300A60;
					};
				};
			};
			buildConfigurationList = 52121D212A591B5F00300A60 /* Build configuration list for PBXProject "HW1_1" */;
			compatibilityVersion = "Xcode 14.0";
			developmentRegion = en;
			hasScannedForEncodings = 0;
			knownRegions = (
				en,
				Base,
			);
			mainGroup = 52121D1D2A591B5F00300A60;
			productRefGroup = 52121D272A591B5F00300A60 /* Products */;
			projectDirPath = "";
			projectRoot = "";
			targets = (
				52121D252A591B5F00300A60 /* HW1_1 */,
				524CCA8E2A7E78BE00F97E73 /* HW1_1Tests */,
			);
		};
/* End PBXProject section */

/* Begin PBXResourcesBuildPhase section */
		52121D242A591B5F00300A60 /* Resources */ = {
			isa = PBXResourcesBuildPhase;
			buildActionMask = 2147483647;
			files = (
				52121D362A591B5F00300A60 /* LaunchScreen.storyboard in Resources */,
				52121D332A591B5F00300A60 /* Assets.xcassets in Resources */,
			);
			runOnlyForDeploymentPostprocessing = 0;
		};
		524CCA8D2A7E78BE00F97E73 /* Resources */ = {
			isa = PBXResourcesBuildPhase;
			buildActionMask = 2147483647;
			files = (
			);
			runOnlyForDeploymentPostprocessing = 0;
		};
/* End PBXResourcesBuildPhase section */

/* Begin PBXSourcesBuildPhase section */
		52121D222A591B5F00300A60 /* Sources */ = {
			isa = PBXSourcesBuildPhase;
			buildActionMask = 2147483647;
			files = (
				524CC9A72A68478400F97E73 /* NetworkService.swift in Sources */,
				524CC9A92A6863D400F97E73 /* FriendsModel.swift in Sources */,
				52121D2E2A591B5F00300A60 /* ViewController.swift in Sources */,
				524CC9992A60712500F97E73 /* PhotoCell.swift in Sources */,
				524CC9952A5F242900F97E73 /* GroupsController.swift in Sources */,
				524CCA4A2A79ABA400F97E73 /* DateHelper.swift in Sources */,
				524CC9972A5F2C0300F97E73 /* GroupCell.swift in Sources */,
				52121D2A2A591B5F00300A60 /* AppDelegate.swift in Sources */,
				524CC9D42A7175FC00F97E73 /* ProfileController.swift in Sources */,
				524CCA482A79865400F97E73 /* FileCache.swift in Sources */,
				524CC98F2A5EF66C00F97E73 /* PhotoController.swift in Sources */,
				524CCA432A7977DF00F97E73 /* ThemeView.swift in Sources */,
				524CCA412A7970F600F97E73 /* Theme.swift in Sources */,
				524CC9AD2A687EF600F97E73 /* PhotosModel.swift in Sources */,
				524CC98B2A5EDA8400F97E73 /* FriendsController.swift in Sources */,
				524CC9AB2A687C9600F97E73 /* GroupsModel.swift in Sources */,
				524CC98D2A5EDABE00F97E73 /* FriendCell.swift in Sources */,
				524CCA462A79848E00F97E73 /* DataModel.xcdatamodeld in Sources */,
				524CCA1D2A790B1200F97E73 /* UserModel.swift in Sources */,
				52121D2C2A591B5F00300A60 /* SceneDelegate.swift in Sources */,
			);
			runOnlyForDeploymentPostprocessing = 0;
		};
		524CCA8B2A7E78BE00F97E73 /* Sources */ = {
			isa = PBXSourcesBuildPhase;
			buildActionMask = 2147483647;
			files = (
				524CCA9C2A7E992C00F97E73 /* NetworkServiceSpy.swift in Sources */,
				524CCA9F2A7EDB0700F97E73 /* FileCacheSpy.swift in Sources */,
				524CCA922A7E78BE00F97E73 /* HW1_1Tests.swift in Sources */,
				524CCA992A7E7A8400F97E73 /* FriendsControllerTests.swift in Sources */,
			);
			runOnlyForDeploymentPostprocessing = 0;
		};
/* End PBXSourcesBuildPhase section */

/* Begin PBXTargetDependency section */
		524CCA942A7E78BE00F97E73 /* PBXTargetDependency */ = {
			isa = PBXTargetDependency;
			target = 52121D252A591B5F00300A60 /* HW1_1 */;
			targetProxy = 524CCA932A7E78BE00F97E73 /* PBXContainerItemProxy */;
		};
/* End PBXTargetDependency section */

/* Begin PBXVariantGroup section */
		52121D342A591B5F00300A60 /* LaunchScreen.storyboard */ = {
			isa = PBXVariantGroup;
			children = (
				52121D352A591B5F00300A60 /* Base */,
			);
			name = LaunchScreen.storyboard;
			sourceTree = "<group>";
		};
/* End PBXVariantGroup section */

/* Begin XCBuildConfiguration section */
		52121D382A591B5F00300A60 /* Debug */ = {
			isa = XCBuildConfiguration;
			buildSettings = {
				ALWAYS_SEARCH_USER_PATHS = NO;
				CLANG_ANALYZER_NONNULL = YES;
				CLANG_ANALYZER_NUMBER_OBJECT_CONVERSION = YES_AGGRESSIVE;
				CLANG_CXX_LANGUAGE_STANDARD = "gnu++20";
				CLANG_ENABLE_MODULES = YES;
				CLANG_ENABLE_OBJC_ARC = YES;
				CLANG_ENABLE_OBJC_WEAK = YES;
				CLANG_WARN_BLOCK_CAPTURE_AUTORELEASING = YES;
				CLANG_WARN_BOOL_CONVERSION = YES;
				CLANG_WARN_COMMA = YES;
				CLANG_WARN_CONSTANT_CONVERSION = YES;
				CLANG_WARN_DEPRECATED_OBJC_IMPLEMENTATIONS = YES;
				CLANG_WARN_DIRECT_OBJC_ISA_USAGE = YES_ERROR;
				CLANG_WARN_DOCUMENTATION_COMMENTS = YES;
				CLANG_WARN_EMPTY_BODY = YES;
				CLANG_WARN_ENUM_CONVERSION = YES;
				CLANG_WARN_INFINITE_RECURSION = YES;
				CLANG_WARN_INT_CONVERSION = YES;
				CLANG_WARN_NON_LITERAL_NULL_CONVERSION = YES;
				CLANG_WARN_OBJC_IMPLICIT_RETAIN_SELF = YES;
				CLANG_WARN_OBJC_LITERAL_CONVERSION = YES;
				CLANG_WARN_OBJC_ROOT_CLASS = YES_ERROR;
				CLANG_WARN_QUOTED_INCLUDE_IN_FRAMEWORK_HEADER = YES;
				CLANG_WARN_RANGE_LOOP_ANALYSIS = YES;
				CLANG_WARN_STRICT_PROTOTYPES = YES;
				CLANG_WARN_SUSPICIOUS_MOVE = YES;
				CLANG_WARN_UNGUARDED_AVAILABILITY = YES_AGGRESSIVE;
				CLANG_WARN_UNREACHABLE_CODE = YES;
				CLANG_WARN__DUPLICATE_METHOD_MATCH = YES;
				COPY_PHASE_STRIP = NO;
				DEBUG_INFORMATION_FORMAT = dwarf;
				ENABLE_STRICT_OBJC_MSGSEND = YES;
				ENABLE_TESTABILITY = YES;
				GCC_C_LANGUAGE_STANDARD = gnu11;
				GCC_DYNAMIC_NO_PIC = NO;
				GCC_NO_COMMON_BLOCKS = YES;
				GCC_OPTIMIZATION_LEVEL = 0;
				GCC_PREPROCESSOR_DEFINITIONS = (
					"DEBUG=1",
					"$(inherited)",
				);
				GCC_WARN_64_TO_32_BIT_CONVERSION = YES;
				GCC_WARN_ABOUT_RETURN_TYPE = YES_ERROR;
				GCC_WARN_UNDECLARED_SELECTOR = YES;
				GCC_WARN_UNINITIALIZED_AUTOS = YES_AGGRESSIVE;
				GCC_WARN_UNUSED_FUNCTION = YES;
				GCC_WARN_UNUSED_VARIABLE = YES;
				IPHONEOS_DEPLOYMENT_TARGET = 16.4;
				MTL_ENABLE_DEBUG_INFO = INCLUDE_SOURCE;
				MTL_FAST_MATH = YES;
				ONLY_ACTIVE_ARCH = YES;
				SDKROOT = iphoneos;
				SWIFT_ACTIVE_COMPILATION_CONDITIONS = DEBUG;
				SWIFT_OPTIMIZATION_LEVEL = "-Onone";
			};
			name = Debug;
		};
		52121D392A591B5F00300A60 /* Release */ = {
			isa = XCBuildConfiguration;
			buildSettings = {
				ALWAYS_SEARCH_USER_PATHS = NO;
				CLANG_ANALYZER_NONNULL = YES;
				CLANG_ANALYZER_NUMBER_OBJECT_CONVERSION = YES_AGGRESSIVE;
				CLANG_CXX_LANGUAGE_STANDARD = "gnu++20";
				CLANG_ENABLE_MODULES = YES;
				CLANG_ENABLE_OBJC_ARC = YES;
				CLANG_ENABLE_OBJC_WEAK = YES;
				CLANG_WARN_BLOCK_CAPTURE_AUTORELEASING = YES;
				CLANG_WARN_BOOL_CONVERSION = YES;
				CLANG_WARN_COMMA = YES;
				CLANG_WARN_CONSTANT_CONVERSION = YES;
				CLANG_WARN_DEPRECATED_OBJC_IMPLEMENTATIONS = YES;
				CLANG_WARN_DIRECT_OBJC_ISA_USAGE = YES_ERROR;
				CLANG_WARN_DOCUMENTATION_COMMENTS = YES;
				CLANG_WARN_EMPTY_BODY = YES;
				CLANG_WARN_ENUM_CONVERSION = YES;
				CLANG_WARN_INFINITE_RECURSION = YES;
				CLANG_WARN_INT_CONVERSION = YES;
				CLANG_WARN_NON_LITERAL_NULL_CONVERSION = YES;
				CLANG_WARN_OBJC_IMPLICIT_RETAIN_SELF = YES;
				CLANG_WARN_OBJC_LITERAL_CONVERSION = YES;
				CLANG_WARN_OBJC_ROOT_CLASS = YES_ERROR;
				CLANG_WARN_QUOTED_INCLUDE_IN_FRAMEWORK_HEADER = YES;
				CLANG_WARN_RANGE_LOOP_ANALYSIS = YES;
				CLANG_WARN_STRICT_PROTOTYPES = YES;
				CLANG_WARN_SUSPICIOUS_MOVE = YES;
				CLANG_WARN_UNGUARDED_AVAILABILITY = YES_AGGRESSIVE;
				CLANG_WARN_UNREACHABLE_CODE = YES;
				CLANG_WARN__DUPLICATE_METHOD_MATCH = YES;
				COPY_PHASE_STRIP = NO;
				DEBUG_INFORMATION_FORMAT = "dwarf-with-dsym";
				ENABLE_NS_ASSERTIONS = NO;
				ENABLE_STRICT_OBJC_MSGSEND = YES;
				GCC_C_LANGUAGE_STANDARD = gnu11;
				GCC_NO_COMMON_BLOCKS = YES;
				GCC_WARN_64_TO_32_BIT_CONVERSION = YES;
				GCC_WARN_ABOUT_RETURN_TYPE = YES_ERROR;
				GCC_WARN_UNDECLARED_SELECTOR = YES;
				GCC_WARN_UNINITIALIZED_AUTOS = YES_AGGRESSIVE;
				GCC_WARN_UNUSED_FUNCTION = YES;
				GCC_WARN_UNUSED_VARIABLE = YES;
				IPHONEOS_DEPLOYMENT_TARGET = 16.4;
				MTL_ENABLE_DEBUG_INFO = NO;
				MTL_FAST_MATH = YES;
				SDKROOT = iphoneos;
				SWIFT_COMPILATION_MODE = wholemodule;
				SWIFT_OPTIMIZATION_LEVEL = "-O";
				VALIDATE_PRODUCT = YES;
			};
			name = Release;
		};
		52121D3B2A591B5F00300A60 /* Debug */ = {
			isa = XCBuildConfiguration;
			buildSettings = {
				ASSETCATALOG_COMPILER_APPICON_NAME = AppIcon;
				ASSETCATALOG_COMPILER_GLOBAL_ACCENT_COLOR_NAME = AccentColor;
				CODE_SIGN_STYLE = Automatic;
				CURRENT_PROJECT_VERSION = 1;
				GENERATE_INFOPLIST_FILE = YES;
				INFOPLIST_FILE = HW1_1/Info.plist;
				INFOPLIST_KEY_UIApplicationSupportsIndirectInputEvents = YES;
				INFOPLIST_KEY_UILaunchStoryboardName = LaunchScreen;
				INFOPLIST_KEY_UISupportedInterfaceOrientations_iPad = "UIInterfaceOrientationPortrait UIInterfaceOrientationPortraitUpsideDown UIInterfaceOrientationLandscapeLeft UIInterfaceOrientationLandscapeRight";
				INFOPLIST_KEY_UISupportedInterfaceOrientations_iPhone = "UIInterfaceOrientationPortrait UIInterfaceOrientationLandscapeLeft UIInterfaceOrientationLandscapeRight";
				LD_RUNPATH_SEARCH_PATHS = (
					"$(inherited)",
					"@executable_path/Frameworks",
				);
				MARKETING_VERSION = 1.0;
				PRODUCT_BUNDLE_IDENTIFIER = "vv.HW1-1";
				PRODUCT_NAME = "$(TARGET_NAME)";
				SWIFT_EMIT_LOC_STRINGS = YES;
				SWIFT_VERSION = 5.0;
				TARGETED_DEVICE_FAMILY = "1,2";
			};
			name = Debug;
		};
		52121D3C2A591B5F00300A60 /* Release */ = {
			isa = XCBuildConfiguration;
			buildSettings = {
				ASSETCATALOG_COMPILER_APPICON_NAME = AppIcon;
				ASSETCATALOG_COMPILER_GLOBAL_ACCENT_COLOR_NAME = AccentColor;
				CODE_SIGN_STYLE = Automatic;
				CURRENT_PROJECT_VERSION = 1;
				GENERATE_INFOPLIST_FILE = YES;
				INFOPLIST_FILE = HW1_1/Info.plist;
				INFOPLIST_KEY_UIApplicationSupportsIndirectInputEvents = YES;
				INFOPLIST_KEY_UILaunchStoryboardName = LaunchScreen;
				INFOPLIST_KEY_UISupportedInterfaceOrientations_iPad = "UIInterfaceOrientationPortrait UIInterfaceOrientationPortraitUpsideDown UIInterfaceOrientationLandscapeLeft UIInterfaceOrientationLandscapeRight";
				INFOPLIST_KEY_UISupportedInterfaceOrientations_iPhone = "UIInterfaceOrientationPortrait UIInterfaceOrientationLandscapeLeft UIInterfaceOrientationLandscapeRight";
				LD_RUNPATH_SEARCH_PATHS = (
					"$(inherited)",
					"@executable_path/Frameworks",
				);
				MARKETING_VERSION = 1.0;
				PRODUCT_BUNDLE_IDENTIFIER = "vv.HW1-1";
				PRODUCT_NAME = "$(TARGET_NAME)";
				SWIFT_EMIT_LOC_STRINGS = YES;
				SWIFT_VERSION = 5.0;
				TARGETED_DEVICE_FAMILY = "1,2";
			};
			name = Release;
		};
		524CCA962A7E78BE00F97E73 /* Debug */ = {
			isa = XCBuildConfiguration;
			buildSettings = {
				BUNDLE_LOADER = "$(TEST_HOST)";
				CODE_SIGN_STYLE = Automatic;
				CURRENT_PROJECT_VERSION = 1;
				GENERATE_INFOPLIST_FILE = YES;
				MARKETING_VERSION = 1.0;
				PRODUCT_BUNDLE_IDENTIFIER = "vv.HW1-1Tests";
				PRODUCT_NAME = "$(TARGET_NAME)";
				SWIFT_EMIT_LOC_STRINGS = NO;
				SWIFT_VERSION = 5.0;
				TARGETED_DEVICE_FAMILY = "1,2";
				TEST_HOST = "$(BUILT_PRODUCTS_DIR)/HW1_1.app/$(BUNDLE_EXECUTABLE_FOLDER_PATH)/HW1_1";
			};
			name = Debug;
		};
		524CCA972A7E78BE00F97E73 /* Release */ = {
			isa = XCBuildConfiguration;
			buildSettings = {
				BUNDLE_LOADER = "$(TEST_HOST)";
				CODE_SIGN_STYLE = Automatic;
				CURRENT_PROJECT_VERSION = 1;
				GENERATE_INFOPLIST_FILE = YES;
				MARKETING_VERSION = 1.0;
				PRODUCT_BUNDLE_IDENTIFIER = "vv.HW1-1Tests";
				PRODUCT_NAME = "$(TARGET_NAME)";
				SWIFT_EMIT_LOC_STRINGS = NO;
				SWIFT_VERSION = 5.0;
				TARGETED_DEVICE_FAMILY = "1,2";
				TEST_HOST = "$(BUILT_PRODUCTS_DIR)/HW1_1.app/$(BUNDLE_EXECUTABLE_FOLDER_PATH)/HW1_1";
			};
			name = Release;
		};
/* End XCBuildConfiguration section */

/* Begin XCConfigurationList section */
		52121D212A591B5F00300A60 /* Build configuration list for PBXProject "HW1_1" */ = {
			isa = XCConfigurationList;
			buildConfigurations = (
				52121D382A591B5F00300A60 /* Debug */,
				52121D392A591B5F00300A60 /* Release */,
			);
			defaultConfigurationIsVisible = 0;
			defaultConfigurationName = Release;
		};
		52121D3A2A591B5F00300A60 /* Build configuration list for PBXNativeTarget "HW1_1" */ = {
			isa = XCConfigurationList;
			buildConfigurations = (
				52121D3B2A591B5F00300A60 /* Debug */,
				52121D3C2A591B5F00300A60 /* Release */,
			);
			defaultConfigurationIsVisible = 0;
			defaultConfigurationName = Release;
		};
		524CCA952A7E78BE00F97E73 /* Build configuration list for PBXNativeTarget "HW1_1Tests" */ = {
			isa = XCConfigurationList;
			buildConfigurations = (
				524CCA962A7E78BE00F97E73 /* Debug */,
				524CCA972A7E78BE00F97E73 /* Release */,
			);
			defaultConfigurationIsVisible = 0;
			defaultConfigurationName = Release;
		};
/* End XCConfigurationList section */

/* Begin XCVersionGroup section */
		524CCA442A79848E00F97E73 /* DataModel.xcdatamodeld */ = {
			isa = XCVersionGroup;
			children = (
				524CCA452A79848E00F97E73 /* DataModel.xcdatamodel */,
			);
			currentVersion = 524CCA452A79848E00F97E73 /* DataModel.xcdatamodel */;
			path = DataModel.xcdatamodeld;
			sourceTree = "<group>";
			versionGroupType = wrapper.xcdatamodel;
		};
/* End XCVersionGroup section */
	};
	rootObject = 52121D1E2A591B5F00300A60 /* Project object */;
}
